
Microsoft Visual Studio Solution File, Format Version 12.00
# Visual Studio Version 17
VisualStudioVersion = 17.11.35327.3
MinimumVisualStudioVersion = 10.0.40219.1
Project("{FAE04EC0-301F-11D3-BF4B-00C04F79EFBC}") = "user_controls", "user_controls\user_controls.csproj", "{43646721-53EF-466F-B3ED-EA5F9D531160}"
EndProject
Global
	GlobalSection(SolutionConfigurationPlatforms) = preSolution
		Debug|Any CPU = Debug|Any CPU
		Release|Any CPU = Release|Any CPU
	EndGlobalSection
	GlobalSection(ProjectConfigurationPlatforms) = postSolution
		{43646721-53EF-466F-B3ED-EA5F9D531160}.Debug|Any CPU.ActiveCfg = Debug|Any CPU
		{43646721-53EF-466F-B3ED-EA5F9D531160}.Debug|Any CPU.Build.0 = Debug|Any CPU
		{43646721-53EF-466F-B3ED-EA5F9D531160}.Release|Any CPU.ActiveCfg = Release|Any CPU
		{43646721-53EF-466F-B3ED-EA5F9D531160}.Release|Any CPU.Build.0 = Release|Any CPU
	EndGlobalSection
	GlobalSection(SolutionProperties) = preSolution
		HideSolutionNode = FALSE
	EndGlobalSection
	GlobalSection(ExtensibilityGlobals) = postSolution
		SolutionGuid = {979CAEEF-0C94-4BEB-A3A2-3E5AD1337771}
	EndGlobalSection
EndGlobal
